
Microsoft Visual Studio Solution File, Format Version 12.00
# Visual Studio Version 16
VisualStudioVersion = 16.0.30621.155
MinimumVisualStudioVersion = 10.0.40219.1
Project("{FAE04EC0-301F-11D3-BF4B-00C04F79EFBC}") = "TopSystemsOOPExample", "TopSystemsOOPExample.csproj", "{9EDEA811-5F36-4080-BB89-984FC4C9653B}"
EndProject
Global
	GlobalSection(SolutionConfigurationPlatforms) = preSolution
		Debug|Any CPU = Debug|Any CPU
		Release|Any CPU = Release|Any CPU
	EndGlobalSection
	GlobalSection(ProjectConfigurationPlatforms) = postSolution
		{9EDEA811-5F36-4080-BB89-984FC4C9653B}.Debug|Any CPU.ActiveCfg = Debug|Any CPU
		{9EDEA811-5F36-4080-BB89-984FC4C9653B}.Debug|Any CPU.Build.0 = Debug|Any CPU
		{9EDEA811-5F36-4080-BB89-984FC4C9653B}.Release|Any CPU.ActiveCfg = Release|Any CPU
		{9EDEA811-5F36-4080-BB89-984FC4C9653B}.Release|Any CPU.Build.0 = Release|Any CPU
	EndGlobalSection
	GlobalSection(SolutionProperties) = preSolution
		HideSolutionNode = FALSE
	EndGlobalSection
	GlobalSection(ExtensibilityGlobals) = postSolution
		SolutionGuid = {28992409-6162-4350-AB04-CEDB4A5BD6AB}
	EndGlobalSection
EndGlobal
